
Microsoft Visual Studio Solution File, Format Version 12.00
Project("{FAE04EC0-301F-11D3-BF4B-00C04F79EFBC}") = "353503_Dziarhun_Lab5", "353503_Dziarhun_Lab5\353503_Dziarhun_Lab5.csproj", "{37928809-CA1B-4100-A457-AF039CB11969}"
EndProject
Project("{FAE04EC0-301F-11D3-BF4B-00C04F79EFBC}") = "353505_Dziarhun_Lab5.Domain", "353505_Dziarhun_Lab5.Domain\353505_Dziarhun_Lab5.Domain.csproj", "{74584381-82E7-4542-BAC6-3081FA143697}"
EndProject
Project("{FAE04EC0-301F-11D3-BF4B-00C04F79EFBC}") = "SerializerLib", "SerializerLib\SerializerLib.csproj", "{AB625466-AB4D-444C-9ABF-04DC3EABD4AE}"
EndProject
Global
	GlobalSection(SolutionConfigurationPlatforms) = preSolution
		Debug|Any CPU = Debug|Any CPU
		Release|Any CPU = Release|Any CPU
	EndGlobalSection
	GlobalSection(ProjectConfigurationPlatforms) = postSolution
		{37928809-CA1B-4100-A457-AF039CB11969}.Debug|Any CPU.ActiveCfg = Debug|Any CPU
		{37928809-CA1B-4100-A457-AF039CB11969}.Debug|Any CPU.Build.0 = Debug|Any CPU
		{37928809-CA1B-4100-A457-AF039CB11969}.Release|Any CPU.ActiveCfg = Release|Any CPU
		{37928809-CA1B-4100-A457-AF039CB11969}.Release|Any CPU.Build.0 = Release|Any CPU
		{74584381-82E7-4542-BAC6-3081FA143697}.Debug|Any CPU.ActiveCfg = Debug|Any CPU
		{74584381-82E7-4542-BAC6-3081FA143697}.Debug|Any CPU.Build.0 = Debug|Any CPU
		{74584381-82E7-4542-BAC6-3081FA143697}.Release|Any CPU.ActiveCfg = Release|Any CPU
		{74584381-82E7-4542-BAC6-3081FA143697}.Release|Any CPU.Build.0 = Release|Any CPU
		{AB625466-AB4D-444C-9ABF-04DC3EABD4AE}.Debug|Any CPU.ActiveCfg = Debug|Any CPU
		{AB625466-AB4D-444C-9ABF-04DC3EABD4AE}.Debug|Any CPU.Build.0 = Debug|Any CPU
		{AB625466-AB4D-444C-9ABF-04DC3EABD4AE}.Release|Any CPU.ActiveCfg = Release|Any CPU
		{AB625466-AB4D-444C-9ABF-04DC3EABD4AE}.Release|Any CPU.Build.0 = Release|Any CPU
	EndGlobalSection
EndGlobal
